// !$*UTF8*$!
{
	archiveVersion = 1;
	classes = {
	};
	objectVersion = 56;
	objects = {

/* Begin PBXBuildFile section */
		0054ED152C59D9290070AA1B /* AppDelegate.swift in Sources */ = {isa = PBXBuildFile; fileRef = 0054ED142C59D9290070AA1B /* AppDelegate.swift */; };
		0054ED172C59D9290070AA1B /* SceneDelegate.swift in Sources */ = {isa = PBXBuildFile; fileRef = 0054ED162C59D9290070AA1B /* SceneDelegate.swift */; };
		0054ED192C59D9290070AA1B /* HomeViewController.swift in Sources */ = {isa = PBXBuildFile; fileRef = 0054ED182C59D9290070AA1B /* HomeViewController.swift */; };
		0054ED1E2C59D92B0070AA1B /* Assets.xcassets in Resources */ = {isa = PBXBuildFile; fileRef = 0054ED1D2C59D92B0070AA1B /* Assets.xcassets */; };
		0054ED212C59D92B0070AA1B /* Base in Resources */ = {isa = PBXBuildFile; fileRef = 0054ED202C59D92B0070AA1B /* Base */; };
		00AC96D02C59E3310058A534 /* TabBarViewController.swift in Sources */ = {isa = PBXBuildFile; fileRef = 00AC96CF2C59E3310058A534 /* TabBarViewController.swift */; };
		00AC96D22C59E3680058A534 /* SearchViewController.swift in Sources */ = {isa = PBXBuildFile; fileRef = 00AC96D12C59E3680058A534 /* SearchViewController.swift */; };
		00AC96D42C59E37B0058A534 /* LibraryViewController.swift in Sources */ = {isa = PBXBuildFile; fileRef = 00AC96D32C59E37B0058A534 /* LibraryViewController.swift */; };
		00AC96D82C59E3B50058A534 /* AuthViewController.swift in Sources */ = {isa = PBXBuildFile; fileRef = 00AC96D72C59E3B50058A534 /* AuthViewController.swift */; };
		00AC96DA2C59E3C70058A534 /* WelcomeViewController.swift in Sources */ = {isa = PBXBuildFile; fileRef = 00AC96D92C59E3C70058A534 /* WelcomeViewController.swift */; };
		00AC96DD2C59E3F80058A534 /* SettingsViewController.swift in Sources */ = {isa = PBXBuildFile; fileRef = 00AC96DC2C59E3F80058A534 /* SettingsViewController.swift */; };
		00AC96DF2C59E4070058A534 /* ProfileViewController.swift in Sources */ = {isa = PBXBuildFile; fileRef = 00AC96DE2C59E4070058A534 /* ProfileViewController.swift */; };
		00AC96E12C59E4120058A534 /* PlayerViewController.swift in Sources */ = {isa = PBXBuildFile; fileRef = 00AC96E02C59E4120058A534 /* PlayerViewController.swift */; };
		00AC96E42C59E4280058A534 /* PlaylistViewController.swift in Sources */ = {isa = PBXBuildFile; fileRef = 00AC96E32C59E4270058A534 /* PlaylistViewController.swift */; };
		00AC96E62C59E43E0058A534 /* SearchResultsViewController.swift in Sources */ = {isa = PBXBuildFile; fileRef = 00AC96E52C59E43E0058A534 /* SearchResultsViewController.swift */; };
		00AC96E82C59E4580058A534 /* AuthManager.swift in Sources */ = {isa = PBXBuildFile; fileRef = 00AC96E72C59E4580058A534 /* AuthManager.swift */; };
		00AC96EA2C59E4670058A534 /* APICaller.swift in Sources */ = {isa = PBXBuildFile; fileRef = 00AC96E92C59E4670058A534 /* APICaller.swift */; };
		00AC96EE2C59E4A20058A534 /* HepticsManager.swift in Sources */ = {isa = PBXBuildFile; fileRef = 00AC96ED2C59E4A20058A534 /* HepticsManager.swift */; };
		00AC96F02C59E4B10058A534 /* Playlist.swift in Sources */ = {isa = PBXBuildFile; fileRef = 00AC96EF2C59E4B10058A534 /* Playlist.swift */; };
		00AC96F22C59E4BD0058A534 /* AudioTrack.swift in Sources */ = {isa = PBXBuildFile; fileRef = 00AC96F12C59E4BD0058A534 /* AudioTrack.swift */; };
		00AC96F42C59E4CE0058A534 /* Artist.swift in Sources */ = {isa = PBXBuildFile; fileRef = 00AC96F32C59E4CE0058A534 /* Artist.swift */; };
		00AC96F62C59E4DA0058A534 /* UserProfile.swift in Sources */ = {isa = PBXBuildFile; fileRef = 00AC96F52C59E4DA0058A534 /* UserProfile.swift */; };
/* End PBXBuildFile section */

/* Begin PBXContainerItemProxy section */
		0054ED282C59D92B0070AA1B /* PBXContainerItemProxy */ = {
			isa = PBXContainerItemProxy;
			containerPortal = 0054ED092C59D9290070AA1B /* Project object */;
			proxyType = 1;
			remoteGlobalIDString = 0054ED102C59D9290070AA1B;
			remoteInfo = Spotify;
		};
		0054ED322C59D92B0070AA1B /* PBXContainerItemProxy */ = {
			isa = PBXContainerItemProxy;
			containerPortal = 0054ED092C59D9290070AA1B /* Project object */;
			proxyType = 1;
			remoteGlobalIDString = 0054ED102C59D9290070AA1B;
			remoteInfo = Spotify;
		};
/* End PBXContainerItemProxy section */

/* Begin PBXFileReference section */
		0054ED112C59D9290070AA1B /* Spotify.app */ = {isa = PBXFileReference; explicitFileType = wrapper.application; includeInIndex = 0; path = Spotify.app; sourceTree = BUILT_PRODUCTS_DIR; };
		0054ED142C59D9290070AA1B /* AppDelegate.swift */ = {isa = PBXFileReference; lastKnownFileType = sourcecode.swift; path = AppDelegate.swift; sourceTree = "<group>"; };
		0054ED162C59D9290070AA1B /* SceneDelegate.swift */ = {isa = PBXFileReference; lastKnownFileType = sourcecode.swift; path = SceneDelegate.swift; sourceTree = "<group>"; };
		0054ED182C59D9290070AA1B /* HomeViewController.swift */ = {isa = PBXFileReference; lastKnownFileType = sourcecode.swift; path = HomeViewController.swift; sourceTree = "<group>"; };
		0054ED1D2C59D92B0070AA1B /* Assets.xcassets */ = {isa = PBXFileReference; lastKnownFileType = folder.assetcatalog; path = Assets.xcassets; sourceTree = "<group>"; };
		0054ED202C59D92B0070AA1B /* Base */ = {isa = PBXFileReference; lastKnownFileType = file.storyboard; name = Base; path = Base.lproj/LaunchScreen.storyboard; sourceTree = "<group>"; };
		0054ED272C59D92B0070AA1B /* SpotifyTests.xctest */ = {isa = PBXFileReference; explicitFileType = wrapper.cfbundle; includeInIndex = 0; path = SpotifyTests.xctest; sourceTree = BUILT_PRODUCTS_DIR; };
		0054ED312C59D92B0070AA1B /* SpotifyUITests.xctest */ = {isa = PBXFileReference; explicitFileType = wrapper.cfbundle; includeInIndex = 0; path = SpotifyUITests.xctest; sourceTree = BUILT_PRODUCTS_DIR; };
		00AC96CE2C59DFBC0058A534 /* Info.plist */ = {isa = PBXFileReference; lastKnownFileType = text.plist.xml; path = Info.plist; sourceTree = "<group>"; };
		00AC96CF2C59E3310058A534 /* TabBarViewController.swift */ = {isa = PBXFileReference; lastKnownFileType = sourcecode.swift; path = TabBarViewController.swift; sourceTree = "<group>"; };
		00AC96D12C59E3680058A534 /* SearchViewController.swift */ = {isa = PBXFileReference; lastKnownFileType = sourcecode.swift; path = SearchViewController.swift; sourceTree = "<group>"; };
		00AC96D32C59E37B0058A534 /* LibraryViewController.swift */ = {isa = PBXFileReference; lastKnownFileType = sourcecode.swift; path = LibraryViewController.swift; sourceTree = "<group>"; };
		00AC96D72C59E3B50058A534 /* AuthViewController.swift */ = {isa = PBXFileReference; lastKnownFileType = sourcecode.swift; path = AuthViewController.swift; sourceTree = "<group>"; };
		00AC96D92C59E3C70058A534 /* WelcomeViewController.swift */ = {isa = PBXFileReference; lastKnownFileType = sourcecode.swift; path = WelcomeViewController.swift; sourceTree = "<group>"; };
		00AC96DC2C59E3F80058A534 /* SettingsViewController.swift */ = {isa = PBXFileReference; lastKnownFileType = sourcecode.swift; path = SettingsViewController.swift; sourceTree = "<group>"; };
		00AC96DE2C59E4070058A534 /* ProfileViewController.swift */ = {isa = PBXFileReference; lastKnownFileType = sourcecode.swift; path = ProfileViewController.swift; sourceTree = "<group>"; };
		00AC96E02C59E4120058A534 /* PlayerViewController.swift */ = {isa = PBXFileReference; lastKnownFileType = sourcecode.swift; path = PlayerViewController.swift; sourceTree = "<group>"; };
		00AC96E32C59E4270058A534 /* PlaylistViewController.swift */ = {isa = PBXFileReference; lastKnownFileType = sourcecode.swift; path = PlaylistViewController.swift; sourceTree = "<group>"; };
		00AC96E52C59E43E0058A534 /* SearchResultsViewController.swift */ = {isa = PBXFileReference; lastKnownFileType = sourcecode.swift; path = SearchResultsViewController.swift; sourceTree = "<group>"; };
		00AC96E72C59E4580058A534 /* AuthManager.swift */ = {isa = PBXFileReference; lastKnownFileType = sourcecode.swift; path = AuthManager.swift; sourceTree = "<group>"; };
		00AC96E92C59E4670058A534 /* APICaller.swift */ = {isa = PBXFileReference; lastKnownFileType = sourcecode.swift; path = APICaller.swift; sourceTree = "<group>"; };
		00AC96ED2C59E4A20058A534 /* HepticsManager.swift */ = {isa = PBXFileReference; lastKnownFileType = sourcecode.swift; path = HepticsManager.swift; sourceTree = "<group>"; };
		00AC96EF2C59E4B10058A534 /* Playlist.swift */ = {isa = PBXFileReference; lastKnownFileType = sourcecode.swift; path = Playlist.swift; sourceTree = "<group>"; };
		00AC96F12C59E4BD0058A534 /* AudioTrack.swift */ = {isa = PBXFileReference; lastKnownFileType = sourcecode.swift; path = AudioTrack.swift; sourceTree = "<group>"; };
		00AC96F32C59E4CE0058A534 /* Artist.swift */ = {isa = PBXFileReference; lastKnownFileType = sourcecode.swift; path = Artist.swift; sourceTree = "<group>"; };
		00AC96F52C59E4DA0058A534 /* UserProfile.swift */ = {isa = PBXFileReference; lastKnownFileType = sourcecode.swift; path = UserProfile.swift; sourceTree = "<group>"; };
/* End PBXFileReference section */

/* Begin PBXFrameworksBuildPhase section */
		0054ED0E2C59D9290070AA1B /* Frameworks */ = {
			isa = PBXFrameworksBuildPhase;
			buildActionMask = 2147483647;
			files = (
			);
			runOnlyForDeploymentPostprocessing = 0;
		};
		0054ED242C59D92B0070AA1B /* Frameworks */ = {
			isa = PBXFrameworksBuildPhase;
			buildActionMask = 2147483647;
			files = (
			);
			runOnlyForDeploymentPostprocessing = 0;
		};
		0054ED2E2C59D92B0070AA1B /* Frameworks */ = {
			isa = PBXFrameworksBuildPhase;
			buildActionMask = 2147483647;
			files = (
			);
			runOnlyForDeploymentPostprocessing = 0;
		};
/* End PBXFrameworksBuildPhase section */

/* Begin PBXGroup section */
		0054ED082C59D9290070AA1B = {
			isa = PBXGroup;
			children = (
				0054ED132C59D9290070AA1B /* Spotify */,
				0054ED122C59D9290070AA1B /* Products */,
			);
			sourceTree = "<group>";
		};
		0054ED122C59D9290070AA1B /* Products */ = {
			isa = PBXGroup;
			children = (
				0054ED112C59D9290070AA1B /* Spotify.app */,
				0054ED272C59D92B0070AA1B /* SpotifyTests.xctest */,
				0054ED312C59D92B0070AA1B /* SpotifyUITests.xctest */,
			);
			name = Products;
			sourceTree = "<group>";
		};
		0054ED132C59D9290070AA1B /* Spotify */ = {
			isa = PBXGroup;
			children = (
				0054ED492C59D97C0070AA1B /* Resources */,
				0054ED482C59D96D0070AA1B /* Managers */,
				0054ED472C59D9640070AA1B /* Viewmodels */,
				0054ED462C59D95D0070AA1B /* Models */,
				0054ED452C59D9580070AA1B /* Views */,
				0054ED442C59D94F0070AA1B /* Controllers */,
				00AC96CE2C59DFBC0058A534 /* Info.plist */,
			);
			path = Spotify;
			sourceTree = "<group>";
		};
		0054ED442C59D94F0070AA1B /* Controllers */ = {
			isa = PBXGroup;
			children = (
				00AC96D62C59E3A00058A534 /* Other */,
				00AC96D52C59E3970058A534 /* Core */,
			);
			path = Controllers;
			sourceTree = "<group>";
		};
		0054ED452C59D9580070AA1B /* Views */ = {
			isa = PBXGroup;
			children = (
				0054ED1F2C59D92B0070AA1B /* LaunchScreen.storyboard */,
			);
			path = Views;
			sourceTree = "<group>";
		};
		0054ED462C59D95D0070AA1B /* Models */ = {
			isa = PBXGroup;
			children = (
				00AC96EF2C59E4B10058A534 /* Playlist.swift */,
				00AC96F12C59E4BD0058A534 /* AudioTrack.swift */,
				00AC96F32C59E4CE0058A534 /* Artist.swift */,
				00AC96F52C59E4DA0058A534 /* UserProfile.swift */,
			);
			path = Models;
			sourceTree = "<group>";
		};
		0054ED472C59D9640070AA1B /* Viewmodels */ = {
			isa = PBXGroup;
			children = (
			);
			path = Viewmodels;
			sourceTree = "<group>";
		};
		0054ED482C59D96D0070AA1B /* Managers */ = {
			isa = PBXGroup;
			children = (
				00AC96E72C59E4580058A534 /* AuthManager.swift */,
				00AC96E92C59E4670058A534 /* APICaller.swift */,
				00AC96ED2C59E4A20058A534 /* HepticsManager.swift */,
			);
			path = Managers;
			sourceTree = "<group>";
		};
		0054ED492C59D97C0070AA1B /* Resources */ = {
			isa = PBXGroup;
			children = (
				0054ED1D2C59D92B0070AA1B /* Assets.xcassets */,
				0054ED142C59D9290070AA1B /* AppDelegate.swift */,
				0054ED162C59D9290070AA1B /* SceneDelegate.swift */,
			);
			path = Resources;
			sourceTree = "<group>";
		};
		00AC96D52C59E3970058A534 /* Core */ = {
			isa = PBXGroup;
			children = (
				0054ED182C59D9290070AA1B /* HomeViewController.swift */,
				00AC96CF2C59E3310058A534 /* TabBarViewController.swift */,
				00AC96D12C59E3680058A534 /* SearchViewController.swift */,
				00AC96D32C59E37B0058A534 /* LibraryViewController.swift */,
			);
			path = Core;
			sourceTree = "<group>";
		};
		00AC96D62C59E3A00058A534 /* Other */ = {
			isa = PBXGroup;
			children = (
				00AC96D72C59E3B50058A534 /* AuthViewController.swift */,
				00AC96D92C59E3C70058A534 /* WelcomeViewController.swift */,
				00AC96DC2C59E3F80058A534 /* SettingsViewController.swift */,
				00AC96DE2C59E4070058A534 /* ProfileViewController.swift */,
				00AC96E02C59E4120058A534 /* PlayerViewController.swift */,
				00AC96E32C59E4270058A534 /* PlaylistViewController.swift */,
				00AC96E52C59E43E0058A534 /* SearchResultsViewController.swift */,
			);
			path = Other;
			sourceTree = "<group>";
		};
/* End PBXGroup section */

/* Begin PBXNativeTarget section */
		0054ED102C59D9290070AA1B /* Spotify */ = {
			isa = PBXNativeTarget;
			buildConfigurationList = 0054ED3B2C59D92B0070AA1B /* Build configuration list for PBXNativeTarget "Spotify" */;
			buildPhases = (
				0054ED0D2C59D9290070AA1B /* Sources */,
				0054ED0E2C59D9290070AA1B /* Frameworks */,
				0054ED0F2C59D9290070AA1B /* Resources */,
			);
			buildRules = (
			);
			dependencies = (
			);
			name = Spotify;
			productName = Spotify;
			productReference = 0054ED112C59D9290070AA1B /* Spotify.app */;
			productType = "com.apple.product-type.application";
		};
		0054ED262C59D92B0070AA1B /* SpotifyTests */ = {
			isa = PBXNativeTarget;
			buildConfigurationList = 0054ED3E2C59D92B0070AA1B /* Build configuration list for PBXNativeTarget "SpotifyTests" */;
			buildPhases = (
				0054ED232C59D92B0070AA1B /* Sources */,
				0054ED242C59D92B0070AA1B /* Frameworks */,
				0054ED252C59D92B0070AA1B /* Resources */,
			);
			buildRules = (
			);
			dependencies = (
				0054ED292C59D92B0070AA1B /* PBXTargetDependency */,
			);
			name = SpotifyTests;
			productName = SpotifyTests;
			productReference = 0054ED272C59D92B0070AA1B /* SpotifyTests.xctest */;
			productType = "com.apple.product-type.bundle.unit-test";
		};
		0054ED302C59D92B0070AA1B /* SpotifyUITests */ = {
			isa = PBXNativeTarget;
			buildConfigurationList = 0054ED412C59D92B0070AA1B /* Build configuration list for PBXNativeTarget "SpotifyUITests" */;
			buildPhases = (
				0054ED2D2C59D92B0070AA1B /* Sources */,
				0054ED2E2C59D92B0070AA1B /* Frameworks */,
				0054ED2F2C59D92B0070AA1B /* Resources */,
			);
			buildRules = (
			);
			dependencies = (
				0054ED332C59D92B0070AA1B /* PBXTargetDependency */,
			);
			name = SpotifyUITests;
			productName = SpotifyUITests;
			productReference = 0054ED312C59D92B0070AA1B /* SpotifyUITests.xctest */;
			productType = "com.apple.product-type.bundle.ui-testing";
		};
/* End PBXNativeTarget section */

/* Begin PBXProject section */
		0054ED092C59D9290070AA1B /* Project object */ = {
			isa = PBXProject;
			attributes = {
				BuildIndependentTargetsInParallel = 1;
				LastSwiftUpdateCheck = 1540;
				LastUpgradeCheck = 1540;
				TargetAttributes = {
					0054ED102C59D9290070AA1B = {
						CreatedOnToolsVersion = 15.4;
					};
					0054ED262C59D92B0070AA1B = {
						CreatedOnToolsVersion = 15.4;
						TestTargetID = 0054ED102C59D9290070AA1B;
					};
					0054ED302C59D92B0070AA1B = {
						CreatedOnToolsVersion = 15.4;
						TestTargetID = 0054ED102C59D9290070AA1B;
					};
				};
			};
			buildConfigurationList = 0054ED0C2C59D9290070AA1B /* Build configuration list for PBXProject "Spotify" */;
			compatibilityVersion = "Xcode 14.0";
			developmentRegion = en;
			hasScannedForEncodings = 0;
			knownRegions = (
				en,
				Base,
			);
			mainGroup = 0054ED082C59D9290070AA1B;
			productRefGroup = 0054ED122C59D9290070AA1B /* Products */;
			projectDirPath = "";
			projectRoot = "";
			targets = (
				0054ED102C59D9290070AA1B /* Spotify */,
				0054ED262C59D92B0070AA1B /* SpotifyTests */,
				0054ED302C59D92B0070AA1B /* SpotifyUITests */,
			);
		};
/* End PBXProject section */

/* Begin PBXResourcesBuildPhase section */
		0054ED0F2C59D9290070AA1B /* Resources */ = {
			isa = PBXResourcesBuildPhase;
			buildActionMask = 2147483647;
			files = (
				0054ED1E2C59D92B0070AA1B /* Assets.xcassets in Resources */,
				0054ED212C59D92B0070AA1B /* Base in Resources */,
			);
			runOnlyForDeploymentPostprocessing = 0;
		};
		0054ED252C59D92B0070AA1B /* Resources */ = {
			isa = PBXResourcesBuildPhase;
			buildActionMask = 2147483647;
			files = (
			);
			runOnlyForDeploymentPostprocessing = 0;
		};
		0054ED2F2C59D92B0070AA1B /* Resources */ = {
			isa = PBXResourcesBuildPhase;
			buildActionMask = 2147483647;
			files = (
			);
			runOnlyForDeploymentPostprocessing = 0;
		};
/* End PBXResourcesBuildPhase section */

/* Begin PBXSourcesBuildPhase section */
		0054ED0D2C59D9290070AA1B /* Sources */ = {
			isa = PBXSourcesBuildPhase;
			buildActionMask = 2147483647;
			files = (
				00AC96D22C59E3680058A534 /* SearchViewController.swift in Sources */,
				00AC96F02C59E4B10058A534 /* Playlist.swift in Sources */,
				00AC96E82C59E4580058A534 /* AuthManager.swift in Sources */,
				00AC96E62C59E43E0058A534 /* SearchResultsViewController.swift in Sources */,
				00AC96DA2C59E3C70058A534 /* WelcomeViewController.swift in Sources */,
				00AC96EA2C59E4670058A534 /* APICaller.swift in Sources */,
				00AC96DF2C59E4070058A534 /* ProfileViewController.swift in Sources */,
				00AC96D02C59E3310058A534 /* TabBarViewController.swift in Sources */,
				00AC96F22C59E4BD0058A534 /* AudioTrack.swift in Sources */,
				0054ED192C59D9290070AA1B /* HomeViewController.swift in Sources */,
				00AC96D82C59E3B50058A534 /* AuthViewController.swift in Sources */,
				0054ED152C59D9290070AA1B /* AppDelegate.swift in Sources */,
				00AC96F62C59E4DA0058A534 /* UserProfile.swift in Sources */,
				00AC96EE2C59E4A20058A534 /* HepticsManager.swift in Sources */,
				00AC96F42C59E4CE0058A534 /* Artist.swift in Sources */,
				00AC96D42C59E37B0058A534 /* LibraryViewController.swift in Sources */,
				00AC96E42C59E4280058A534 /* PlaylistViewController.swift in Sources */,
				0054ED172C59D9290070AA1B /* SceneDelegate.swift in Sources */,
				00AC96E12C59E4120058A534 /* PlayerViewController.swift in Sources */,
				00AC96DD2C59E3F80058A534 /* SettingsViewController.swift in Sources */,
			);
			runOnlyForDeploymentPostprocessing = 0;
		};
		0054ED232C59D92B0070AA1B /* Sources */ = {
			isa = PBXSourcesBuildPhase;
			buildActionMask = 2147483647;
			files = (
			);
			runOnlyForDeploymentPostprocessing = 0;
		};
		0054ED2D2C59D92B0070AA1B /* Sources */ = {
			isa = PBXSourcesBuildPhase;
			buildActionMask = 2147483647;
			files = (
			);
			runOnlyForDeploymentPostprocessing = 0;
		};
/* End PBXSourcesBuildPhase section */

/* Begin PBXTargetDependency section */
		0054ED292C59D92B0070AA1B /* PBXTargetDependency */ = {
			isa = PBXTargetDependency;
			target = 0054ED102C59D9290070AA1B /* Spotify */;
			targetProxy = 0054ED282C59D92B0070AA1B /* PBXContainerItemProxy */;
		};
		0054ED332C59D92B0070AA1B /* PBXTargetDependency */ = {
			isa = PBXTargetDependency;
			target = 0054ED102C59D9290070AA1B /* Spotify */;
			targetProxy = 0054ED322C59D92B0070AA1B /* PBXContainerItemProxy */;
		};
/* End PBXTargetDependency section */

/* Begin PBXVariantGroup section */
		0054ED1F2C59D92B0070AA1B /* LaunchScreen.storyboard */ = {
			isa = PBXVariantGroup;
			children = (
				0054ED202C59D92B0070AA1B /* Base */,
			);
			name = LaunchScreen.storyboard;
			sourceTree = "<group>";
		};
/* End PBXVariantGroup section */

/* Begin XCBuildConfiguration section */
		0054ED392C59D92B0070AA1B /* Debug */ = {
			isa = XCBuildConfiguration;
			buildSettings = {
				ALWAYS_SEARCH_USER_PATHS = NO;
				ASSETCATALOG_COMPILER_GENERATE_SWIFT_ASSET_SYMBOL_EXTENSIONS = YES;
				CLANG_ANALYZER_NONNULL = YES;
				CLANG_ANALYZER_NUMBER_OBJECT_CONVERSION = YES_AGGRESSIVE;
				CLANG_CXX_LANGUAGE_STANDARD = "gnu++20";
				CLANG_ENABLE_MODULES = YES;
				CLANG_ENABLE_OBJC_ARC = YES;
				CLANG_ENABLE_OBJC_WEAK = YES;
				CLANG_WARN_BLOCK_CAPTURE_AUTORELEASING = YES;
				CLANG_WARN_BOOL_CONVERSION = YES;
				CLANG_WARN_COMMA = YES;
				CLANG_WARN_CONSTANT_CONVERSION = YES;
				CLANG_WARN_DEPRECATED_OBJC_IMPLEMENTATIONS = YES;
				CLANG_WARN_DIRECT_OBJC_ISA_USAGE = YES_ERROR;
				CLANG_WARN_DOCUMENTATION_COMMENTS = YES;
				CLANG_WARN_EMPTY_BODY = YES;
				CLANG_WARN_ENUM_CONVERSION = YES;
				CLANG_WARN_INFINITE_RECURSION = YES;
				CLANG_WARN_INT_CONVERSION = YES;
				CLANG_WARN_NON_LITERAL_NULL_CONVERSION = YES;
				CLANG_WARN_OBJC_IMPLICIT_RETAIN_SELF = YES;
				CLANG_WARN_OBJC_LITERAL_CONVERSION = YES;
				CLANG_WARN_OBJC_ROOT_CLASS = YES_ERROR;
				CLANG_WARN_QUOTED_INCLUDE_IN_FRAMEWORK_HEADER = YES;
				CLANG_WARN_RANGE_LOOP_ANALYSIS = YES;
				CLANG_WARN_STRICT_PROTOTYPES = YES;
				CLANG_WARN_SUSPICIOUS_MOVE = YES;
				CLANG_WARN_UNGUARDED_AVAILABILITY = YES_AGGRESSIVE;
				CLANG_WARN_UNREACHABLE_CODE = YES;
				CLANG_WARN__DUPLICATE_METHOD_MATCH = YES;
				COPY_PHASE_STRIP = NO;
				DEBUG_INFORMATION_FORMAT = dwarf;
				ENABLE_STRICT_OBJC_MSGSEND = YES;
				ENABLE_TESTABILITY = YES;
				ENABLE_USER_SCRIPT_SANDBOXING = YES;
				GCC_C_LANGUAGE_STANDARD = gnu17;
				GCC_DYNAMIC_NO_PIC = NO;
				GCC_NO_COMMON_BLOCKS = YES;
				GCC_OPTIMIZATION_LEVEL = 0;
				GCC_PREPROCESSOR_DEFINITIONS = (
					"DEBUG=1",
					"$(inherited)",
				);
				GCC_WARN_64_TO_32_BIT_CONVERSION = YES;
				GCC_WARN_ABOUT_RETURN_TYPE = YES_ERROR;
				GCC_WARN_UNDECLARED_SELECTOR = YES;
				GCC_WARN_UNINITIALIZED_AUTOS = YES_AGGRESSIVE;
				GCC_WARN_UNUSED_FUNCTION = YES;
				GCC_WARN_UNUSED_VARIABLE = YES;
				IPHONEOS_DEPLOYMENT_TARGET = 17.5;
				LOCALIZATION_PREFERS_STRING_CATALOGS = YES;
				MTL_ENABLE_DEBUG_INFO = INCLUDE_SOURCE;
				MTL_FAST_MATH = YES;
				ONLY_ACTIVE_ARCH = YES;
				SDKROOT = iphoneos;
				SWIFT_ACTIVE_COMPILATION_CONDITIONS = "DEBUG $(inherited)";
				SWIFT_OPTIMIZATION_LEVEL = "-Onone";
			};
			name = Debug;
		};
		0054ED3A2C59D92B0070AA1B /* Release */ = {
			isa = XCBuildConfiguration;
			buildSettings = {
				ALWAYS_SEARCH_USER_PATHS = NO;
				ASSETCATALOG_COMPILER_GENERATE_SWIFT_ASSET_SYMBOL_EXTENSIONS = YES;
				CLANG_ANALYZER_NONNULL = YES;
				CLANG_ANALYZER_NUMBER_OBJECT_CONVERSION = YES_AGGRESSIVE;
				CLANG_CXX_LANGUAGE_STANDARD = "gnu++20";
				CLANG_ENABLE_MODULES = YES;
				CLANG_ENABLE_OBJC_ARC = YES;
				CLANG_ENABLE_OBJC_WEAK = YES;
				CLANG_WARN_BLOCK_CAPTURE_AUTORELEASING = YES;
				CLANG_WARN_BOOL_CONVERSION = YES;
				CLANG_WARN_COMMA = YES;
				CLANG_WARN_CONSTANT_CONVERSION = YES;
				CLANG_WARN_DEPRECATED_OBJC_IMPLEMENTATIONS = YES;
				CLANG_WARN_DIRECT_OBJC_ISA_USAGE = YES_ERROR;
				CLANG_WARN_DOCUMENTATION_COMMENTS = YES;
				CLANG_WARN_EMPTY_BODY = YES;
				CLANG_WARN_ENUM_CONVERSION = YES;
				CLANG_WARN_INFINITE_RECURSION = YES;
				CLANG_WARN_INT_CONVERSION = YES;
				CLANG_WARN_NON_LITERAL_NULL_CONVERSION = YES;
				CLANG_WARN_OBJC_IMPLICIT_RETAIN_SELF = YES;
				CLANG_WARN_OBJC_LITERAL_CONVERSION = YES;
				CLANG_WARN_OBJC_ROOT_CLASS = YES_ERROR;
				CLANG_WARN_QUOTED_INCLUDE_IN_FRAMEWORK_HEADER = YES;
				CLANG_WARN_RANGE_LOOP_ANALYSIS = YES;
				CLANG_WARN_STRICT_PROTOTYPES = YES;
				CLANG_WARN_SUSPICIOUS_MOVE = YES;
				CLANG_WARN_UNGUARDED_AVAILABILITY = YES_AGGRESSIVE;
				CLANG_WARN_UNREACHABLE_CODE = YES;
				CLANG_WARN__DUPLICATE_METHOD_MATCH = YES;
				COPY_PHASE_STRIP = NO;
				DEBUG_INFORMATION_FORMAT = "dwarf-with-dsym";
				ENABLE_NS_ASSERTIONS = NO;
				ENABLE_STRICT_OBJC_MSGSEND = YES;
				ENABLE_USER_SCRIPT_SANDBOXING = YES;
				GCC_C_LANGUAGE_STANDARD = gnu17;
				GCC_NO_COMMON_BLOCKS = YES;
				GCC_WARN_64_TO_32_BIT_CONVERSION = YES;
				GCC_WARN_ABOUT_RETURN_TYPE = YES_ERROR;
				GCC_WARN_UNDECLARED_SELECTOR = YES;
				GCC_WARN_UNINITIALIZED_AUTOS = YES_AGGRESSIVE;
				GCC_WARN_UNUSED_FUNCTION = YES;
				GCC_WARN_UNUSED_VARIABLE = YES;
				IPHONEOS_DEPLOYMENT_TARGET = 17.5;
				LOCALIZATION_PREFERS_STRING_CATALOGS = YES;
				MTL_ENABLE_DEBUG_INFO = NO;
				MTL_FAST_MATH = YES;
				SDKROOT = iphoneos;
				SWIFT_COMPILATION_MODE = wholemodule;
				VALIDATE_PRODUCT = YES;
			};
			name = Release;
		};
		0054ED3C2C59D92B0070AA1B /* Debug */ = {
			isa = XCBuildConfiguration;
			buildSettings = {
				ASSETCATALOG_COMPILER_APPICON_NAME = AppIcon;
				ASSETCATALOG_COMPILER_GLOBAL_ACCENT_COLOR_NAME = AccentColor;
				CODE_SIGN_STYLE = Automatic;
				CURRENT_PROJECT_VERSION = 1;
				GENERATE_INFOPLIST_FILE = YES;
				INFOPLIST_FILE = Spotify/Info.plist;
				INFOPLIST_KEY_UIApplicationSupportsIndirectInputEvents = YES;
				INFOPLIST_KEY_UILaunchStoryboardName = LaunchScreen;
				INFOPLIST_KEY_UISupportedInterfaceOrientations_iPad = "UIInterfaceOrientationPortrait UIInterfaceOrientationPortraitUpsideDown UIInterfaceOrientationLandscapeLeft UIInterfaceOrientationLandscapeRight";
				INFOPLIST_KEY_UISupportedInterfaceOrientations_iPhone = "UIInterfaceOrientationPortrait UIInterfaceOrientationLandscapeLeft UIInterfaceOrientationLandscapeRight";
				LD_RUNPATH_SEARCH_PATHS = (
					"$(inherited)",
					"@executable_path/Frameworks",
				);
				MARKETING_VERSION = 1.0;
				PRODUCT_BUNDLE_IDENTIFIER = com.Spotify;
				PRODUCT_NAME = "$(TARGET_NAME)";
				SWIFT_EMIT_LOC_STRINGS = YES;
				SWIFT_VERSION = 5.0;
				TARGETED_DEVICE_FAMILY = "1,2";
			};
			name = Debug;
		};
		0054ED3D2C59D92B0070AA1B /* Release */ = {
			isa = XCBuildConfiguration;
			buildSettings = {
				ASSETCATALOG_COMPILER_APPICON_NAME = AppIcon;
				ASSETCATALOG_COMPILER_GLOBAL_ACCENT_COLOR_NAME = AccentColor;
				CODE_SIGN_STYLE = Automatic;
				CURRENT_PROJECT_VERSION = 1;
				GENERATE_INFOPLIST_FILE = YES;
				INFOPLIST_FILE = Spotify/Info.plist;
				INFOPLIST_KEY_UIApplicationSupportsIndirectInputEvents = YES;
				INFOPLIST_KEY_UILaunchStoryboardName = LaunchScreen;
				INFOPLIST_KEY_UISupportedInterfaceOrientations_iPad = "UIInterfaceOrientationPortrait UIInterfaceOrientationPortraitUpsideDown UIInterfaceOrientationLandscapeLeft UIInterfaceOrientationLandscapeRight";
				INFOPLIST_KEY_UISupportedInterfaceOrientations_iPhone = "UIInterfaceOrientationPortrait UIInterfaceOrientationLandscapeLeft UIInterfaceOrientationLandscapeRight";
				LD_RUNPATH_SEARCH_PATHS = (
					"$(inherited)",
					"@executable_path/Frameworks",
				);
				MARKETING_VERSION = 1.0;
				PRODUCT_BUNDLE_IDENTIFIER = com.Spotify;
				PRODUCT_NAME = "$(TARGET_NAME)";
				SWIFT_EMIT_LOC_STRINGS = YES;
				SWIFT_VERSION = 5.0;
				TARGETED_DEVICE_FAMILY = "1,2";
			};
			name = Release;
		};
		0054ED3F2C59D92B0070AA1B /* Debug */ = {
			isa = XCBuildConfiguration;
			buildSettings = {
				ALWAYS_EMBED_SWIFT_STANDARD_LIBRARIES = YES;
				BUNDLE_LOADER = "$(TEST_HOST)";
				CODE_SIGN_STYLE = Automatic;
				CURRENT_PROJECT_VERSION = 1;
				GENERATE_INFOPLIST_FILE = YES;
				IPHONEOS_DEPLOYMENT_TARGET = 17.5;
				MARKETING_VERSION = 1.0;
				PRODUCT_BUNDLE_IDENTIFIER = com.SpotifyTests;
				PRODUCT_NAME = "$(TARGET_NAME)";
				SWIFT_EMIT_LOC_STRINGS = NO;
				SWIFT_VERSION = 5.0;
				TARGETED_DEVICE_FAMILY = "1,2";
				TEST_HOST = "$(BUILT_PRODUCTS_DIR)/Spotify.app/$(BUNDLE_EXECUTABLE_FOLDER_PATH)/Spotify";
			};
			name = Debug;
		};
		0054ED402C59D92B0070AA1B /* Release */ = {
			isa = XCBuildConfiguration;
			buildSettings = {
				ALWAYS_EMBED_SWIFT_STANDARD_LIBRARIES = YES;
				BUNDLE_LOADER = "$(TEST_HOST)";
				CODE_SIGN_STYLE = Automatic;
				CURRENT_PROJECT_VERSION = 1;
				GENERATE_INFOPLIST_FILE = YES;
				IPHONEOS_DEPLOYMENT_TARGET = 17.5;
				MARKETING_VERSION = 1.0;
				PRODUCT_BUNDLE_IDENTIFIER = com.SpotifyTests;
				PRODUCT_NAME = "$(TARGET_NAME)";
				SWIFT_EMIT_LOC_STRINGS = NO;
				SWIFT_VERSION = 5.0;
				TARGETED_DEVICE_FAMILY = "1,2";
				TEST_HOST = "$(BUILT_PRODUCTS_DIR)/Spotify.app/$(BUNDLE_EXECUTABLE_FOLDER_PATH)/Spotify";
			};
			name = Release;
		};
		0054ED422C59D92B0070AA1B /* Debug */ = {
			isa = XCBuildConfiguration;
			buildSettings = {
				ALWAYS_EMBED_SWIFT_STANDARD_LIBRARIES = YES;
				CODE_SIGN_STYLE = Automatic;
				CURRENT_PROJECT_VERSION = 1;
				GENERATE_INFOPLIST_FILE = YES;
				MARKETING_VERSION = 1.0;
				PRODUCT_BUNDLE_IDENTIFIER = com.SpotifyUITests;
				PRODUCT_NAME = "$(TARGET_NAME)";
				SWIFT_EMIT_LOC_STRINGS = NO;
				SWIFT_VERSION = 5.0;
				TARGETED_DEVICE_FAMILY = "1,2";
				TEST_TARGET_NAME = Spotify;
			};
			name = Debug;
		};
		0054ED432C59D92B0070AA1B /* Release */ = {
			isa = XCBuildConfiguration;
			buildSettings = {
				ALWAYS_EMBED_SWIFT_STANDARD_LIBRARIES = YES;
				CODE_SIGN_STYLE = Automatic;
				CURRENT_PROJECT_VERSION = 1;
				GENERATE_INFOPLIST_FILE = YES;
				MARKETING_VERSION = 1.0;
				PRODUCT_BUNDLE_IDENTIFIER = com.SpotifyUITests;
				PRODUCT_NAME = "$(TARGET_NAME)";
				SWIFT_EMIT_LOC_STRINGS = NO;
				SWIFT_VERSION = 5.0;
				TARGETED_DEVICE_FAMILY = "1,2";
				TEST_TARGET_NAME = Spotify;
			};
			name = Release;
		};
/* End XCBuildConfiguration section */

/* Begin XCConfigurationList section */
		0054ED0C2C59D9290070AA1B /* Build configuration list for PBXProject "Spotify" */ = {
			isa = XCConfigurationList;
			buildConfigurations = (
				0054ED392C59D92B0070AA1B /* Debug */,
				0054ED3A2C59D92B0070AA1B /* Release */,
			);
			defaultConfigurationIsVisible = 0;
			defaultConfigurationName = Release;
		};
		0054ED3B2C59D92B0070AA1B /* Build configuration list for PBXNativeTarget "Spotify" */ = {
			isa = XCConfigurationList;
			buildConfigurations = (
				0054ED3C2C59D92B0070AA1B /* Debug */,
				0054ED3D2C59D92B0070AA1B /* Release */,
			);
			defaultConfigurationIsVisible = 0;
			defaultConfigurationName = Release;
		};
		0054ED3E2C59D92B0070AA1B /* Build configuration list for PBXNativeTarget "SpotifyTests" */ = {
			isa = XCConfigurationList;
			buildConfigurations = (
				0054ED3F2C59D92B0070AA1B /* Debug */,
				0054ED402C59D92B0070AA1B /* Release */,
			);
			defaultConfigurationIsVisible = 0;
			defaultConfigurationName = Release;
		};
		0054ED412C59D92B0070AA1B /* Build configuration list for PBXNativeTarget "SpotifyUITests" */ = {
			isa = XCConfigurationList;
			buildConfigurations = (
				0054ED422C59D92B0070AA1B /* Debug */,
				0054ED432C59D92B0070AA1B /* Release */,
			);
			defaultConfigurationIsVisible = 0;
			defaultConfigurationName = Release;
		};
/* End XCConfigurationList section */
	};
	rootObject = 0054ED092C59D9290070AA1B /* Project object */;
}
